PODS:
  - CleverTap-iOS-SDK (6.1.0):
    - SDWebImage (~> 5.11)
  - SDWebImage (5.19.0):
    - SDWebImage/Core (= 5.19.0)
  - SDWebImage/Core (5.19.0)

DEPENDENCIES:
  - CleverTap-iOS-SDK

SPEC REPOS:
  trunk:
    - CleverTap-iOS-SDK
    - SDWebImage

SPEC CHECKSUMS:
  CleverTap-iOS-SDK: 9d8d5def08d2f51a3a071831b6049ea857c35013
  SDWebImage: 981fd7e860af070920f249fd092420006014c3eb

PODFILE CHECKSUM: 7a68fc6c0a2b8d3319ee5749b2009d9b4fc205eb

COCOAPODS: 1.15.2
